
Microsoft Visual Studio Solution File, Format Version 12.00
# Visual Studio Version 16
VisualStudioVersion = 16.0.31424.327
MinimumVisualStudioVersion = 10.0.40219.1
Project("{FAE04EC0-301F-11D3-BF4B-00C04F79EFBC}") = "LINQ", "LINQ\LINQ.csproj", "{D4261369-D383-4F1F-BF7D-8D5F4C651478}"
EndProject
Global
	GlobalSection(SolutionConfigurationPlatforms) = preSolution
		Debug|Any CPU = Debug|Any CPU
		Release|Any CPU = Release|Any CPU
	EndGlobalSection
	GlobalSection(ProjectConfigurationPlatforms) = postSolution
		{D4261369-D383-4F1F-BF7D-8D5F4C651478}.Debug|Any CPU.ActiveCfg = Debug|Any CPU
		{D4261369-D383-4F1F-BF7D-8D5F4C651478}.Debug|Any CPU.Build.0 = Debug|Any CPU
		{D4261369-D383-4F1F-BF7D-8D5F4C651478}.Release|Any CPU.ActiveCfg = Release|Any CPU
		{D4261369-D383-4F1F-BF7D-8D5F4C651478}.Release|Any CPU.Build.0 = Release|Any CPU
	EndGlobalSection
	GlobalSection(SolutionProperties) = preSolution
		HideSolutionNode = FALSE
	EndGlobalSection
	GlobalSection(ExtensibilityGlobals) = postSolution
		SolutionGuid = {3F07F87F-67C9-41B6-A9C4-4A28FFC9176A}
	EndGlobalSection
EndGlobal
